dependencies:
  idf:
    source:
      type: idf
    version: 5.5.1
  nopnop2002/sx127x:
    component_hash: 47a652300037df6c75d1720de913a92a10c0c172246770f3aee39200053dc8e4
    dependencies: []
    source:
      git: https://github.com/nopnop2002/esp-idf-sx127x.git
      path: components/lora/
      type: git
    version: eb3e4bffe102dcb19bdc619beeba30163b41836f
direct_dependencies:
- nopnop2002/sx127x
manifest_hash: 1fac4e30bed0e065841c979a301fa5cb54b866b08240b8340ac75e21b2d07d81
target: esp32
version: 2.0.0
